
Microsoft Visual Studio Solution File, Format Version 12.00
# Visual Studio Version 17
VisualStudioVersion = 17.7.34031.279
MinimumVisualStudioVersion = 10.0.40219.1
Project("{FAE04EC0-301F-11D3-BF4B-00C04F79EFBC}") = "QuickReaderQR.Android", "QuickReaderQR\QuickReaderQR.Android\QuickReaderQR.Android.csproj", "{76ECD63D-92EC-42A0-9190-5228B229AB8B}"
EndProject
Project("{FAE04EC0-301F-11D3-BF4B-00C04F79EFBC}") = "QuickReaderQR.iOS", "QuickReaderQR\QuickReaderQR.iOS\QuickReaderQR.iOS.csproj", "{7E0BCB53-A8DF-46BA-8D8E-65431EA99573}"
EndProject
Project("{FAE04EC0-301F-11D3-BF4B-00C04F79EFBC}") = "QuickReaderQR", "QuickReaderQR\QuickReaderQR\QuickReaderQR.csproj", "{7BC952D5-D71C-484C-BFA8-7275CDF10D42}"
EndProject
Global
	GlobalSection(SolutionConfigurationPlatforms) = preSolution
		Debug|Any CPU = Debug|Any CPU
		Debug|iPhone = Debug|iPhone
		Debug|iPhoneSimulator = Debug|iPhoneSimulator
		Release|Any CPU = Release|Any CPU
		Release|iPhone = Release|iPhone
		Release|iPhoneSimulator = Release|iPhoneSimulator
	EndGlobalSection
	GlobalSection(ProjectConfigurationPlatforms) = postSolution
		{76ECD63D-92EC-42A0-9190-5228B229AB8B}.Debug|Any CPU.ActiveCfg = Debug|Any CPU
		{76ECD63D-92EC-42A0-9190-5228B229AB8B}.Debug|Any CPU.Build.0 = Debug|Any CPU
		{76ECD63D-92EC-42A0-9190-5228B229AB8B}.Debug|Any CPU.Deploy.0 = Debug|Any CPU
		{76ECD63D-92EC-42A0-9190-5228B229AB8B}.Debug|iPhone.ActiveCfg = Debug|Any CPU
		{76ECD63D-92EC-42A0-9190-5228B229AB8B}.Debug|iPhone.Build.0 = Debug|Any CPU
		{76ECD63D-92EC-42A0-9190-5228B229AB8B}.Debug|iPhone.Deploy.0 = Debug|Any CPU
		{76ECD63D-92EC-42A0-9190-5228B229AB8B}.Debug|iPhoneSimulator.ActiveCfg = Debug|Any CPU
		{76ECD63D-92EC-42A0-9190-5228B229AB8B}.Debug|iPhoneSimulator.Build.0 = Debug|Any CPU
		{76ECD63D-92EC-42A0-9190-5228B229AB8B}.Debug|iPhoneSimulator.Deploy.0 = Debug|Any CPU
		{76ECD63D-92EC-42A0-9190-5228B229AB8B}.Release|Any CPU.ActiveCfg = Release|Any CPU
		{76ECD63D-92EC-42A0-9190-5228B229AB8B}.Release|Any CPU.Build.0 = Release|Any CPU
		{76ECD63D-92EC-42A0-9190-5228B229AB8B}.Release|Any CPU.Deploy.0 = Release|Any CPU
		{76ECD63D-92EC-42A0-9190-5228B229AB8B}.Release|iPhone.ActiveCfg = Release|Any CPU
		{76ECD63D-92EC-42A0-9190-5228B229AB8B}.Release|iPhone.Build.0 = Release|Any CPU
		{76ECD63D-92EC-42A0-9190-5228B229AB8B}.Release|iPhone.Deploy.0 = Release|Any CPU
		{76ECD63D-92EC-42A0-9190-5228B229AB8B}.Release|iPhoneSimulator.ActiveCfg = Release|Any CPU
		{76ECD63D-92EC-42A0-9190-5228B229AB8B}.Release|iPhoneSimulator.Build.0 = Release|Any CPU
		{76ECD63D-92EC-42A0-9190-5228B229AB8B}.Release|iPhoneSimulator.Deploy.0 = Release|Any CPU
		{7E0BCB53-A8DF-46BA-8D8E-65431EA99573}.Debug|Any CPU.ActiveCfg = Debug|iPhone
		{7E0BCB53-A8DF-46BA-8D8E-65431EA99573}.Debug|Any CPU.Build.0 = Debug|iPhone
		{7E0BCB53-A8DF-46BA-8D8E-65431EA99573}.Debug|Any CPU.Deploy.0 = Debug|iPhone
		{7E0BCB53-A8DF-46BA-8D8E-65431EA99573}.Debug|iPhone.ActiveCfg = Debug|iPhone
		{7E0BCB53-A8DF-46BA-8D8E-65431EA99573}.Debug|iPhone.Build.0 = Debug|iPhone
		{7E0BCB53-A8DF-46BA-8D8E-65431EA99573}.Debug|iPhone.Deploy.0 = Debug|iPhone
		{7E0BCB53-A8DF-46BA-8D8E-65431EA99573}.Debug|iPhoneSimulator.ActiveCfg = Debug|iPhoneSimulator
		{7E0BCB53-A8DF-46BA-8D8E-65431EA99573}.Debug|iPhoneSimulator.Build.0 = Debug|iPhoneSimulator
		{7E0BCB53-A8DF-46BA-8D8E-65431EA99573}.Debug|iPhoneSimulator.Deploy.0 = Debug|iPhoneSimulator
		{7E0BCB53-A8DF-46BA-8D8E-65431EA99573}.Release|Any CPU.ActiveCfg = Release|iPhoneSimulator
		{7E0BCB53-A8DF-46BA-8D8E-65431EA99573}.Release|Any CPU.Build.0 = Release|iPhoneSimulator
		{7E0BCB53-A8DF-46BA-8D8E-65431EA99573}.Release|Any CPU.Deploy.0 = Release|iPhoneSimulator
		{7E0BCB53-A8DF-46BA-8D8E-65431EA99573}.Release|iPhone.ActiveCfg = Release|iPhone
		{7E0BCB53-A8DF-46BA-8D8E-65431EA99573}.Release|iPhone.Build.0 = Release|iPhone
		{7E0BCB53-A8DF-46BA-8D8E-65431EA99573}.Release|iPhone.Deploy.0 = Release|iPhone
		{7E0BCB53-A8DF-46BA-8D8E-65431EA99573}.Release|iPhoneSimulator.ActiveCfg = Release|iPhoneSimulator
		{7E0BCB53-A8DF-46BA-8D8E-65431EA99573}.Release|iPhoneSimulator.Build.0 = Release|iPhoneSimulator
		{7E0BCB53-A8DF-46BA-8D8E-65431EA99573}.Release|iPhoneSimulator.Deploy.0 = Release|iPhoneSimulator
		{7BC952D5-D71C-484C-BFA8-7275CDF10D42}.Debug|Any CPU.ActiveCfg = Debug|Any CPU
		{7BC952D5-D71C-484C-BFA8-7275CDF10D42}.Debug|Any CPU.Build.0 = Debug|Any CPU
		{7BC952D5-D71C-484C-BFA8-7275CDF10D42}.Debug|Any CPU.Deploy.0 = Debug|Any CPU
		{7BC952D5-D71C-484C-BFA8-7275CDF10D42}.Debug|iPhone.ActiveCfg = Debug|Any CPU
		{7BC952D5-D71C-484C-BFA8-7275CDF10D42}.Debug|iPhone.Build.0 = Debug|Any CPU
		{7BC952D5-D71C-484C-BFA8-7275CDF10D42}.Debug|iPhone.Deploy.0 = Debug|Any CPU
		{7BC952D5-D71C-484C-BFA8-7275CDF10D42}.Debug|iPhoneSimulator.ActiveCfg = Debug|Any CPU
		{7BC952D5-D71C-484C-BFA8-7275CDF10D42}.Debug|iPhoneSimulator.Build.0 = Debug|Any CPU
		{7BC952D5-D71C-484C-BFA8-7275CDF10D42}.Debug|iPhoneSimulator.Deploy.0 = Debug|Any CPU
		{7BC952D5-D71C-484C-BFA8-7275CDF10D42}.Release|Any CPU.ActiveCfg = Release|Any CPU
		{7BC952D5-D71C-484C-BFA8-7275CDF10D42}.Release|Any CPU.Build.0 = Release|Any CPU
		{7BC952D5-D71C-484C-BFA8-7275CDF10D42}.Release|Any CPU.Deploy.0 = Release|Any CPU
		{7BC952D5-D71C-484C-BFA8-7275CDF10D42}.Release|iPhone.ActiveCfg = Release|Any CPU
		{7BC952D5-D71C-484C-BFA8-7275CDF10D42}.Release|iPhone.Build.0 = Release|Any CPU
		{7BC952D5-D71C-484C-BFA8-7275CDF10D42}.Release|iPhone.Deploy.0 = Release|Any CPU
		{7BC952D5-D71C-484C-BFA8-7275CDF10D42}.Release|iPhoneSimulator.ActiveCfg = Release|Any CPU
		{7BC952D5-D71C-484C-BFA8-7275CDF10D42}.Release|iPhoneSimulator.Build.0 = Release|Any CPU
		{7BC952D5-D71C-484C-BFA8-7275CDF10D42}.Release|iPhoneSimulator.Deploy.0 = Release|Any CPU
	EndGlobalSection
	GlobalSection(SolutionProperties) = preSolution
		HideSolutionNode = FALSE
	EndGlobalSection
	GlobalSection(ExtensibilityGlobals) = postSolution
		SolutionGuid = {F01CF6FF-FECC-4598-A8C4-AB986B44FB56}
	EndGlobalSection
EndGlobal
